// !$*UTF8*$!
{
	archiveVersion = 1;
	classes = {
	};
	objectVersion = 46;
	objects = {

/* Begin PBXBuildFile section */
		5E0FEEE21D6E295B0092525C /* InformationPostingViewController.swift in Sources */ = {isa = PBXBuildFile; fileRef = 5E0FEEE11D6E295B0092525C /* InformationPostingViewController.swift */; };
		5E197BAC1D4936E00055D19E /* ParseConstants.swift in Sources */ = {isa = PBXBuildFile; fileRef = 5E197BAB1D4936E00055D19E /* ParseConstants.swift */; };
		5E1B5FD41D50EFD7009B2C8C /* ParseConvenience.swift in Sources */ = {isa = PBXBuildFile; fileRef = 5E1B5FD31D50EFD7009B2C8C /* ParseConvenience.swift */; };
		5E1B5FD61D50EFEC009B2C8C /* ParseClient.swift in Sources */ = {isa = PBXBuildFile; fileRef = 5E1B5FD51D50EFEC009B2C8C /* ParseClient.swift */; };
		5E1B5FD91D5102C7009B2C8C /* StudentInformation.swift in Sources */ = {isa = PBXBuildFile; fileRef = 5E1B5FD81D5102C7009B2C8C /* StudentInformation.swift */; };
		5E1B5FDC1D52B0BA009B2C8C /* TableViewController.swift in Sources */ = {isa = PBXBuildFile; fileRef = 5E1B5FDB1D52B0BA009B2C8C /* TableViewController.swift */; };
		5E1B5FDE1D52B2A7009B2C8C /* MapViewController.swift in Sources */ = {isa = PBXBuildFile; fileRef = 5E1B5FDD1D52B2A7009B2C8C /* MapViewController.swift */; };
		5E1B5FE01D5A3823009B2C8C /* StudenModel.swift in Sources */ = {isa = PBXBuildFile; fileRef = 5E1B5FDF1D5A3823009B2C8C /* StudenModel.swift */; };
		5E1C7BAA1D4A843F00A89B29 /* UdacityConvenience.swift in Sources */ = {isa = PBXBuildFile; fileRef = 5E1C7BA91D4A843F00A89B29 /* UdacityConvenience.swift */; };
		5E20C4911D7243B4005534AC /* Reachability.swift in Sources */ = {isa = PBXBuildFile; fileRef = 5E20C4901D7243B4005534AC /* Reachability.swift */; };
		5E4BABF71D4655010033E913 /* AppDelegate.swift in Sources */ = {isa = PBXBuildFile; fileRef = 5E4BABF61D4655010033E913 /* AppDelegate.swift */; };
		5E4BABFC1D4655010033E913 /* Main.storyboard in Resources */ = {isa = PBXBuildFile; fileRef = 5E4BABFA1D4655010033E913 /* Main.storyboard */; };
		5E4BABFE1D4655010033E913 /* Assets.xcassets in Resources */ = {isa = PBXBuildFile; fileRef = 5E4BABFD1D4655010033E913 /* Assets.xcassets */; };
		5E4BAC011D4655010033E913 /* LaunchScreen.storyboard in Resources */ = {isa = PBXBuildFile; fileRef = 5E4BABFF1D4655010033E913 /* LaunchScreen.storyboard */; };
		5E4BAC0C1D4655010033E913 /* On_The_MapTests.swift in Sources */ = {isa = PBXBuildFile; fileRef = 5E4BAC0B1D4655010033E913 /* On_The_MapTests.swift */; };
		5E4BAC171D4655010033E913 /* On_The_MapUITests.swift in Sources */ = {isa = PBXBuildFile; fileRef = 5E4BAC161D4655010033E913 /* On_The_MapUITests.swift */; };
		5E4BAC251D465A0F0033E913 /* LoginViewController.swift in Sources */ = {isa = PBXBuildFile; fileRef = 5E4BAC241D465A0F0033E913 /* LoginViewController.swift */; };
		5E4BAC271D467E7B0033E913 /* UdacityConstants.swift in Sources */ = {isa = PBXBuildFile; fileRef = 5E4BAC261D467E7B0033E913 /* UdacityConstants.swift */; };
		5E4BAC291D467E980033E913 /* GCDBlackBox.swift in Sources */ = {isa = PBXBuildFile; fileRef = 5E4BAC281D467E980033E913 /* GCDBlackBox.swift */; };
		5E4BAC2B1D468CE50033E913 /* UdacityClient.swift in Sources */ = {isa = PBXBuildFile; fileRef = 5E4BAC2A1D468CE50033E913 /* UdacityClient.swift */; };
		5E8731981D47F04900E4E23C /* Roboto-Thin.ttf in Resources */ = {isa = PBXBuildFile; fileRef = 5E8731971D47F04900E4E23C /* Roboto-Thin.ttf */; };
		5E87319A1D47F2FF00E4E23C /* FiraSans-Light.otf in Resources */ = {isa = PBXBuildFile; fileRef = 5E8731991D47F2FF00E4E23C /* FiraSans-Light.otf */; };
/* End PBXBuildFile section */

/* Begin PBXContainerItemProxy section */
		5E4BAC081D4655010033E913 /* PBXContainerItemProxy */ = {
			isa = PBXContainerItemProxy;
			containerPortal = 5E4BABEB1D4655010033E913 /* Project object */;
			proxyType = 1;
			remoteGlobalIDString = 5E4BABF21D4655010033E913;
			remoteInfo = "On The Map";
		};
		5E4BAC131D4655010033E913 /* PBXContainerItemProxy */ = {
			isa = PBXContainerItemProxy;
			containerPortal = 5E4BABEB1D4655010033E913 /* Project object */;
			proxyType = 1;
			remoteGlobalIDString = 5E4BABF21D4655010033E913;
			remoteInfo = "On The Map";
		};
/* End PBXContainerItemProxy section */

/* Begin PBXFileReference section */
		5E0FEEE11D6E295B0092525C /* InformationPostingViewController.swift */ = {isa = PBXFileReference; fileEncoding = 4; lastKnownFileType = sourcecode.swift; path = InformationPostingViewController.swift; sourceTree = "<group>"; };
		5E197BAB1D4936E00055D19E /* ParseConstants.swift */ = {isa = PBXFileReference; fileEncoding = 4; lastKnownFileType = sourcecode.swift; path = ParseConstants.swift; sourceTree = "<group>"; };
		5E1B5FD31D50EFD7009B2C8C /* ParseConvenience.swift */ = {isa = PBXFileReference; fileEncoding = 4; lastKnownFileType = sourcecode.swift; path = ParseConvenience.swift; sourceTree = "<group>"; };
		5E1B5FD51D50EFEC009B2C8C /* ParseClient.swift */ = {isa = PBXFileReference; fileEncoding = 4; lastKnownFileType = sourcecode.swift; path = ParseClient.swift; sourceTree = "<group>"; };
		5E1B5FD81D5102C7009B2C8C /* StudentInformation.swift */ = {isa = PBXFileReference; fileEncoding = 4; lastKnownFileType = sourcecode.swift; path = StudentInformation.swift; sourceTree = "<group>"; };
		5E1B5FDB1D52B0BA009B2C8C /* TableViewController.swift */ = {isa = PBXFileReference; fileEncoding = 4; lastKnownFileType = sourcecode.swift; path = TableViewController.swift; sourceTree = "<group>"; };
		5E1B5FDD1D52B2A7009B2C8C /* MapViewController.swift */ = {isa = PBXFileReference; fileEncoding = 4; lastKnownFileType = sourcecode.swift; path = MapViewController.swift; sourceTree = "<group>"; };
		5E1B5FDF1D5A3823009B2C8C /* StudenModel.swift */ = {isa = PBXFileReference; fileEncoding = 4; lastKnownFileType = sourcecode.swift; path = StudenModel.swift; sourceTree = "<group>"; };
		5E1C7BA91D4A843F00A89B29 /* UdacityConvenience.swift */ = {isa = PBXFileReference; fileEncoding = 4; lastKnownFileType = sourcecode.swift; path = UdacityConvenience.swift; sourceTree = "<group>"; };
		5E20C4901D7243B4005534AC /* Reachability.swift */ = {isa = PBXFileReference; fileEncoding = 4; lastKnownFileType = sourcecode.swift; path = Reachability.swift; sourceTree = "<group>"; };
		5E4BABF31D4655010033E913 /* On The Map.app */ = {isa = PBXFileReference; explicitFileType = wrapper.application; includeInIndex = 0; path = "On The Map.app"; sourceTree = BUILT_PRODUCTS_DIR; };
		5E4BABF61D4655010033E913 /* AppDelegate.swift */ = {isa = PBXFileReference; lastKnownFileType = sourcecode.swift; path = AppDelegate.swift; sourceTree = "<group>"; };
		5E4BABFB1D4655010033E913 /* Base */ = {isa = PBXFileReference; lastKnownFileType = file.storyboard; name = Base; path = Base.lproj/Main.storyboard; sourceTree = "<group>"; };
		5E4BABFD1D4655010033E913 /* Assets.xcassets */ = {isa = PBXFileReference; lastKnownFileType = folder.assetcatalog; name = Assets.xcassets; path = "On The Map/Assets.xcassets"; sourceTree = "<group>"; };
		5E4BAC001D4655010033E913 /* Base */ = {isa = PBXFileReference; lastKnownFileType = file.storyboard; name = Base; path = Base.lproj/LaunchScreen.storyboard; sourceTree = "<group>"; };
		5E4BAC021D4655010033E913 /* Info.plist */ = {isa = PBXFileReference; lastKnownFileType = text.plist.xml; name = Info.plist; path = "On The Map/Info.plist"; sourceTree = "<group>"; };
		5E4BAC071D4655010033E913 /* On The MapTests.xctest */ = {isa = PBXFileReference; explicitFileType = wrapper.cfbundle; includeInIndex = 0; path = "On The MapTests.xctest"; sourceTree = BUILT_PRODUCTS_DIR; };
		5E4BAC0B1D4655010033E913 /* On_The_MapTests.swift */ = {isa = PBXFileReference; lastKnownFileType = sourcecode.swift; path = On_The_MapTests.swift; sourceTree = "<group>"; };
		5E4BAC0D1D4655010033E913 /* Info.plist */ = {isa = PBXFileReference; lastKnownFileType = text.plist.xml; path = Info.plist; sourceTree = "<group>"; };
		5E4BAC121D4655010033E913 /* On The MapUITests.xctest */ = {isa = PBXFileReference; explicitFileType = wrapper.cfbundle; includeInIndex = 0; path = "On The MapUITests.xctest"; sourceTree = BUILT_PRODUCTS_DIR; };
		5E4BAC161D4655010033E913 /* On_The_MapUITests.swift */ = {isa = PBXFileReference; lastKnownFileType = sourcecode.swift; path = On_The_MapUITests.swift; sourceTree = "<group>"; };
		5E4BAC181D4655010033E913 /* Info.plist */ = {isa = PBXFileReference; lastKnownFileType = text.plist.xml; path = Info.plist; sourceTree = "<group>"; };
		5E4BAC241D465A0F0033E913 /* LoginViewController.swift */ = {isa = PBXFileReference; fileEncoding = 4; lastKnownFileType = sourcecode.swift; path = LoginViewController.swift; sourceTree = "<group>"; };
		5E4BAC261D467E7B0033E913 /* UdacityConstants.swift */ = {isa = PBXFileReference; fileEncoding = 4; lastKnownFileType = sourcecode.swift; path = UdacityConstants.swift; sourceTree = "<group>"; };
		5E4BAC281D467E980033E913 /* GCDBlackBox.swift */ = {isa = PBXFileReference; fileEncoding = 4; lastKnownFileType = sourcecode.swift; path = GCDBlackBox.swift; sourceTree = "<group>"; };
		5E4BAC2A1D468CE50033E913 /* UdacityClient.swift */ = {isa = PBXFileReference; fileEncoding = 4; lastKnownFileType = sourcecode.swift; path = UdacityClient.swift; sourceTree = "<group>"; };
		5E8731971D47F04900E4E23C /* Roboto-Thin.ttf */ = {isa = PBXFileReference; lastKnownFileType = file; path = "Roboto-Thin.ttf"; sourceTree = "<group>"; };
		5E8731991D47F2FF00E4E23C /* FiraSans-Light.otf */ = {isa = PBXFileReference; lastKnownFileType = file; path = "FiraSans-Light.otf"; sourceTree = "<group>"; };
/* End PBXFileReference section */

/* Begin PBXFrameworksBuildPhase section */
		5E4BABF01D4655010033E913 /* Frameworks */ = {
			isa = PBXFrameworksBuildPhase;
			buildActionMask = 2147483647;
			files = (
			);
			runOnlyForDeploymentPostprocessing = 0;
		};
		5E4BAC041D4655010033E913 /* Frameworks */ = {
			isa = PBXFrameworksBuildPhase;
			buildActionMask = 2147483647;
			files = (
			);
			runOnlyForDeploymentPostprocessing = 0;
		};
		5E4BAC0F1D4655010033E913 /* Frameworks */ = {
			isa = PBXFrameworksBuildPhase;
			buildActionMask = 2147483647;
			files = (
			);
			runOnlyForDeploymentPostprocessing = 0;
		};
/* End PBXFrameworksBuildPhase section */

/* Begin PBXGroup section */
		5E0FEEE31D7151CF0092525C /* Assets */ = {
			isa = PBXGroup;
			children = (
				5E4BABFA1D4655010033E913 /* Main.storyboard */,
				5E4BABFD1D4655010033E913 /* Assets.xcassets */,
				5E4BABFF1D4655010033E913 /* LaunchScreen.storyboard */,
				5E4BAC021D4655010033E913 /* Info.plist */,
			);
			name = Assets;
			sourceTree = "<group>";
		};
		5E197BAA1D4936C50055D19E /* Model */ = {
			isa = PBXGroup;
			children = (
				5E1B5FD71D5102A4009B2C8C /* StudentData */,
				5E1C7BA71D4A83FB00A89B29 /* Clients */,
				5E20C4901D7243B4005534AC /* Reachability.swift */,
			);
			name = Model;
			sourceTree = "<group>";
		};
		5E1B5FD21D50EE93009B2C8C /* Parse */ = {
			isa = PBXGroup;
			children = (
				5E197BAB1D4936E00055D19E /* ParseConstants.swift */,
				5E1B5FD31D50EFD7009B2C8C /* ParseConvenience.swift */,
				5E1B5FD51D50EFEC009B2C8C /* ParseClient.swift */,
			);
			name = Parse;
			sourceTree = "<group>";
		};
		5E1B5FD71D5102A4009B2C8C /* StudentData */ = {
			isa = PBXGroup;
			children = (
				5E1B5FD81D5102C7009B2C8C /* StudentInformation.swift */,
				5E1B5FDF1D5A3823009B2C8C /* StudenModel.swift */,
			);
			name = StudentData;
			sourceTree = "<group>";
		};
		5E1B5FDA1D52B08E009B2C8C /* View */ = {
			isa = PBXGroup;
			children = (
				5E4BAC241D465A0F0033E913 /* LoginViewController.swift */,
				5E1B5FDB1D52B0BA009B2C8C /* TableViewController.swift */,
				5E1B5FDD1D52B2A7009B2C8C /* MapViewController.swift */,
				5E0FEEE11D6E295B0092525C /* InformationPostingViewController.swift */,
			);
			name = View;
			sourceTree = "<group>";
		};
		5E1C7BA71D4A83FB00A89B29 /* Clients */ = {
			isa = PBXGroup;
			children = (
				5E1B5FD21D50EE93009B2C8C /* Parse */,
				5E1C7BA81D4A840600A89B29 /* Udacity */,
			);
			name = Clients;
			sourceTree = "<group>";
		};
		5E1C7BA81D4A840600A89B29 /* Udacity */ = {
			isa = PBXGroup;
			children = (
				5E4BAC261D467E7B0033E913 /* UdacityConstants.swift */,
				5E1C7BA91D4A843F00A89B29 /* UdacityConvenience.swift */,
				5E4BAC2A1D468CE50033E913 /* UdacityClient.swift */,
			);
			name = Udacity;
			sourceTree = "<group>";
		};
		5E4BABEA1D4655010033E913 = {
			isa = PBXGroup;
			children = (
				5E0FEEE31D7151CF0092525C /* Assets */,
				5E4BABF51D4655010033E913 /* On The Map */,
				5E4BAC0A1D4655010033E913 /* On The MapTests */,
				5E4BAC151D4655010033E913 /* On The MapUITests */,
				5E4BABF41D4655010033E913 /* Products */,
			);
			sourceTree = "<group>";
		};
		5E4BABF41D4655010033E913 /* Products */ = {
			isa = PBXGroup;
			children = (
				5E4BABF31D4655010033E913 /* On The Map.app */,
				5E4BAC071D4655010033E913 /* On The MapTests.xctest */,
				5E4BAC121D4655010033E913 /* On The MapUITests.xctest */,
			);
			name = Products;
			sourceTree = "<group>";
		};
		5E4BABF51D4655010033E913 /* On The Map */ = {
			isa = PBXGroup;
			children = (
				5E4BABF61D4655010033E913 /* AppDelegate.swift */,
				5E4BAC281D467E980033E913 /* GCDBlackBox.swift */,
				5E1B5FDA1D52B08E009B2C8C /* View */,
				5E197BAA1D4936C50055D19E /* Model */,
				5E8731961D47F02700E4E23C /* Resources */,
			);
			path = "On The Map";
			sourceTree = "<group>";
		};
		5E4BAC0A1D4655010033E913 /* On The MapTests */ = {
			isa = PBXGroup;
			children = (
				5E4BAC0B1D4655010033E913 /* On_The_MapTests.swift */,
				5E4BAC0D1D4655010033E913 /* Info.plist */,
			);
			path = "On The MapTests";
			sourceTree = "<group>";
		};
		5E4BAC151D4655010033E913 /* On The MapUITests */ = {
			isa = PBXGroup;
			children = (
				5E4BAC161D4655010033E913 /* On_The_MapUITests.swift */,
				5E4BAC181D4655010033E913 /* Info.plist */,
			);
			path = "On The MapUITests";
			sourceTree = "<group>";
		};
		5E8731961D47F02700E4E23C /* Resources */ = {
			isa = PBXGroup;
			children = (
				5E8731971D47F04900E4E23C /* Roboto-Thin.ttf */,
				5E8731991D47F2FF00E4E23C /* FiraSans-Light.otf */,
			);
			name = Resources;
			sourceTree = "<group>";
		};
/* End PBXGroup section */

/* Begin PBXNativeTarget section */
		5E4BABF21D4655010033E913 /* On The Map */ = {
			isa = PBXNativeTarget;
			buildConfigurationList = 5E4BAC1B1D4655010033E913 /* Build configuration list for PBXNativeTarget "On The Map" */;
			buildPhases = (
				5E4BABEF1D4655010033E913 /* Sources */,
				5E4BABF01D4655010033E913 /* Frameworks */,
				5E4BABF11D4655010033E913 /* Resources */,
			);
			buildRules = (
			);
			dependencies = (
			);
			name = "On The Map";
			productName = "On The Map";
			productReference = 5E4BABF31D4655010033E913 /* On The Map.app */;
			productType = "com.apple.product-type.application";
		};
		5E4BAC061D4655010033E913 /* On The MapTests */ = {
			isa = PBXNativeTarget;
			buildConfigurationList = 5E4BAC1E1D4655010033E913 /* Build configuration list for PBXNativeTarget "On The MapTests" */;
			buildPhases = (
				5E4BAC031D4655010033E913 /* Sources */,
				5E4BAC041D4655010033E913 /* Frameworks */,
				5E4BAC051D4655010033E913 /* Resources */,
			);
			buildRules = (
			);
			dependencies = (
				5E4BAC091D4655010033E913 /* PBXTargetDependency */,
			);
			name = "On The MapTests";
			productName = "On The MapTests";
			productReference = 5E4BAC071D4655010033E913 /* On The MapTests.xctest */;
			productType = "com.apple.product-type.bundle.unit-test";
		};
		5E4BAC111D4655010033E913 /* On The MapUITests */ = {
			isa = PBXNativeTarget;
			buildConfigurationList = 5E4BAC211D4655010033E913 /* Build configuration list for PBXNativeTarget "On The MapUITests" */;
			buildPhases = (
				5E4BAC0E1D4655010033E913 /* Sources */,
				5E4BAC0F1D4655010033E913 /* Frameworks */,
				5E4BAC101D4655010033E913 /* Resources */,
			);
			buildRules = (
			);
			dependencies = (
				5E4BAC141D4655010033E913 /* PBXTargetDependency */,
			);
			name = "On The MapUITests";
			productName = "On The MapUITests";
			productReference = 5E4BAC121D4655010033E913 /* On The MapUITests.xctest */;
			productType = "com.apple.product-type.bundle.ui-testing";
		};
/* End PBXNativeTarget section */

/* Begin PBXProject section */
		5E4BABEB1D4655010033E913 /* Project object */ = {
			isa = PBXProject;
			attributes = {
				LastSwiftUpdateCheck = 0730;
				LastUpgradeCheck = 0730;
				ORGANIZATIONNAME = "Jess Gates";
				TargetAttributes = {
					5E4BABF21D4655010033E913 = {
						CreatedOnToolsVersion = 7.3.1;
						DevelopmentTeam = 5ESW27HVH9;
					};
					5E4BAC061D4655010033E913 = {
						CreatedOnToolsVersion = 7.3.1;
						DevelopmentTeam = 5ESW27HVH9;
						TestTargetID = 5E4BABF21D4655010033E913;
					};
					5E4BAC111D4655010033E913 = {
						CreatedOnToolsVersion = 7.3.1;
						DevelopmentTeam = 5ESW27HVH9;
						TestTargetID = 5E4BABF21D4655010033E913;
					};
				};
			};
			buildConfigurationList = 5E4BABEE1D4655010033E913 /* Build configuration list for PBXProject "On The Map" */;
			compatibilityVersion = "Xcode 3.2";
			developmentRegion = English;
			hasScannedForEncodings = 0;
			knownRegions = (
				en,
				Base,
			);
			mainGroup = 5E4BABEA1D4655010033E913;
			productRefGroup = 5E4BABF41D4655010033E913 /* Products */;
			projectDirPath = "";
			projectRoot = "";
			targets = (
				5E4BABF21D4655010033E913 /* On The Map */,
				5E4BAC061D4655010033E913 /* On The MapTests */,
				5E4BAC111D4655010033E913 /* On The MapUITests */,
			);
		};
/* End PBXProject section */

/* Begin PBXResourcesBuildPhase section */
		5E4BABF11D4655010033E913 /* Resources */ = {
			isa = PBXResourcesBuildPhase;
			buildActionMask = 2147483647;
			files = (
				5E8731981D47F04900E4E23C /* Roboto-Thin.ttf in Resources */,
				5E4BAC011D4655010033E913 /* LaunchScreen.storyboard in Resources */,
				5E4BABFE1D4655010033E913 /* Assets.xcassets in Resources */,
				5E87319A1D47F2FF00E4E23C /* FiraSans-Light.otf in Resources */,
				5E4BABFC1D4655010033E913 /* Main.storyboard in Resources */,
			);
			runOnlyForDeploymentPostprocessing = 0;
		};
		5E4BAC051D4655010033E913 /* Resources */ = {
			isa = PBXResourcesBuildPhase;
			buildActionMask = 2147483647;
			files = (
			);
			runOnlyForDeploymentPostprocessing = 0;
		};
		5E4BAC101D4655010033E913 /* Resources */ = {
			isa = PBXResourcesBuildPhase;
			buildActionMask = 2147483647;
			files = (
			);
			runOnlyForDeploymentPostprocessing = 0;
		};
/* End PBXResourcesBuildPhase section */

/* Begin PBXSourcesBuildPhase section */
		5E4BABEF1D4655010033E913 /* Sources */ = {
			isa = PBXSourcesBuildPhase;
			buildActionMask = 2147483647;
			files = (
				5E1B5FD61D50EFEC009B2C8C /* ParseClient.swift in Sources */,
				5E4BABF71D4655010033E913 /* AppDelegate.swift in Sources */,
				5E1B5FD41D50EFD7009B2C8C /* ParseConvenience.swift in Sources */,
				5E4BAC2B1D468CE50033E913 /* UdacityClient.swift in Sources */,
				5E0FEEE21D6E295B0092525C /* InformationPostingViewController.swift in Sources */,
				5E4BAC251D465A0F0033E913 /* LoginViewController.swift in Sources */,
				5E4BAC271D467E7B0033E913 /* UdacityConstants.swift in Sources */,
				5E1B5FDC1D52B0BA009B2C8C /* TableViewController.swift in Sources */,
				5E20C4911D7243B4005534AC /* Reachability.swift in Sources */,
				5E1B5FDE1D52B2A7009B2C8C /* MapViewController.swift in Sources */,
				5E1B5FE01D5A3823009B2C8C /* StudenModel.swift in Sources */,
				5E4BAC291D467E980033E913 /* GCDBlackBox.swift in Sources */,
				5E1C7BAA1D4A843F00A89B29 /* UdacityConvenience.swift in Sources */,
				5E1B5FD91D5102C7009B2C8C /* StudentInformation.swift in Sources */,
				5E197BAC1D4936E00055D19E /* ParseConstants.swift in Sources */,
			);
			runOnlyForDeploymentPostprocessing = 0;
		};
		5E4BAC031D4655010033E913 /* Sources */ = {
			isa = PBXSourcesBuildPhase;
			buildActionMask = 2147483647;
			files = (
				5E4BAC0C1D4655010033E913 /* On_The_MapTests.swift in Sources */,
			);
			runOnlyForDeploymentPostprocessing = 0;
		};
		5E4BAC0E1D4655010033E913 /* Sources */ = {
			isa = PBXSourcesBuildPhase;
			buildActionMask = 2147483647;
			files = (
				5E4BAC171D4655010033E913 /* On_The_MapUITests.swift in Sources */,
			);
			runOnlyForDeploymentPostprocessing = 0;
		};
/* End PBXSourcesBuildPhase section */

/* Begin PBXTargetDependency section */
		5E4BAC091D4655010033E913 /* PBXTargetDependency */ = {
			isa = PBXTargetDependency;
			target = 5E4BABF21D4655010033E913 /* On The Map */;
			targetProxy = 5E4BAC081D4655010033E913 /* PBXContainerItemProxy */;
		};
		5E4BAC141D4655010033E913 /* PBXTargetDependency */ = {
			isa = PBXTargetDependency;
			target = 5E4BABF21D4655010033E913 /* On The Map */;
			targetProxy = 5E4BAC131D4655010033E913 /* PBXContainerItemProxy */;
		};
/* End PBXTargetDependency section */

/* Begin PBXVariantGroup section */
		5E4BABFA1D4655010033E913 /* Main.storyboard */ = {
			isa = PBXVariantGroup;
			children = (
				5E4BABFB1D4655010033E913 /* Base */,
			);
			name = Main.storyboard;
			path = "On The Map";
			sourceTree = "<group>";
		};
		5E4BABFF1D4655010033E913 /* LaunchScreen.storyboard */ = {
			isa = PBXVariantGroup;
			children = (
				5E4BAC001D4655010033E913 /* Base */,
			);
			name = LaunchScreen.storyboard;
			path = "On The Map";
			sourceTree = "<group>";
		};
/* End PBXVariantGroup section */

/* Begin XCBuildConfiguration section */
		5E4BAC191D4655010033E913 /* Debug */ = {
			isa = XCBuildConfiguration;
			buildSettings = {
				ALWAYS_SEARCH_USER_PATHS = NO;
				CLANG_ANALYZER_NONNULL = YES;
				CLANG_CXX_LANGUAGE_STANDARD = "gnu++0x";
				CLANG_CXX_LIBRARY = "libc++";
				CLANG_ENABLE_MODULES = YES;
				CLANG_ENABLE_OBJC_ARC = YES;
				CLANG_WARN_BOOL_CONVERSION = YES;
				CLANG_WARN_CONSTANT_CONVERSION = YES;
				CLANG_WARN_DIRECT_OBJC_ISA_USAGE = YES_ERROR;
				CLANG_WARN_EMPTY_BODY = YES;
				CLANG_WARN_ENUM_CONVERSION = YES;
				CLANG_WARN_INT_CONVERSION = YES;
				CLANG_WARN_OBJC_ROOT_CLASS = YES_ERROR;
				CLANG_WARN_UNREACHABLE_CODE = YES;
				CLANG_WARN__DUPLICATE_METHOD_MATCH = YES;
				"CODE_SIGN_IDENTITY[sdk=iphoneos*]" = "iPhone Developer";
				COPY_PHASE_STRIP = NO;
				DEBUG_INFORMATION_FORMAT = dwarf;
				ENABLE_STRICT_OBJC_MSGSEND = YES;
				ENABLE_TESTABILITY = YES;
				GCC_C_LANGUAGE_STANDARD = gnu99;
				GCC_DYNAMIC_NO_PIC = NO;
				GCC_NO_COMMON_BLOCKS = YES;
				GCC_OPTIMIZATION_LEVEL = 0;
				GCC_PREPROCESSOR_DEFINITIONS = (
					"DEBUG=1",
					"$(inherited)",
				);
				GCC_WARN_64_TO_32_BIT_CONVERSION = YES;
				GCC_WARN_ABOUT_RETURN_TYPE = YES_ERROR;
				GCC_WARN_UNDECLARED_SELECTOR = YES;
				GCC_WARN_UNINITIALIZED_AUTOS = YES_AGGRESSIVE;
				GCC_WARN_UNUSED_FUNCTION = YES;
				GCC_WARN_UNUSED_VARIABLE = YES;
				IPHONEOS_DEPLOYMENT_TARGET = 9.3;
				MTL_ENABLE_DEBUG_INFO = YES;
				ONLY_ACTIVE_ARCH = YES;
				SDKROOT = iphoneos;
				SWIFT_OPTIMIZATION_LEVEL = "-Onone";
			};
			name = Debug;
		};
		5E4BAC1A1D4655010033E913 /* Release */ = {
			isa = XCBuildConfiguration;
			buildSettings = {
				ALWAYS_SEARCH_USER_PATHS = NO;
				CLANG_ANALYZER_NONNULL = YES;
				CLANG_CXX_LANGUAGE_STANDARD = "gnu++0x";
				CLANG_CXX_LIBRARY = "libc++";
				CLANG_ENABLE_MODULES = YES;
				CLANG_ENABLE_OBJC_ARC = YES;
				CLANG_WARN_BOOL_CONVERSION = YES;
				CLANG_WARN_CONSTANT_CONVERSION = YES;
				CLANG_WARN_DIRECT_OBJC_ISA_USAGE = YES_ERROR;
				CLANG_WARN_EMPTY_BODY = YES;
				CLANG_WARN_ENUM_CONVERSION = YES;
				CLANG_WARN_INT_CONVERSION = YES;
				CLANG_WARN_OBJC_ROOT_CLASS = YES_ERROR;
				CLANG_WARN_UNREACHABLE_CODE = YES;
				CLANG_WARN__DUPLICATE_METHOD_MATCH = YES;
				"CODE_SIGN_IDENTITY[sdk=iphoneos*]" = "iPhone Developer";
				COPY_PHASE_STRIP = NO;
				DEBUG_INFORMATION_FORMAT = "dwarf-with-dsym";
				ENABLE_NS_ASSERTIONS = NO;
				ENABLE_STRICT_OBJC_MSGSEND = YES;
				GCC_C_LANGUAGE_STANDARD = gnu99;
				GCC_NO_COMMON_BLOCKS = YES;
				GCC_WARN_64_TO_32_BIT_CONVERSION = YES;
				GCC_WARN_ABOUT_RETURN_TYPE = YES_ERROR;
				GCC_WARN_UNDECLARED_SELECTOR = YES;
				GCC_WARN_UNINITIALIZED_AUTOS = YES_AGGRESSIVE;
				GCC_WARN_UNUSED_FUNCTION = YES;
				GCC_WARN_UNUSED_VARIABLE = YES;
				IPHONEOS_DEPLOYMENT_TARGET = 9.3;
				MTL_ENABLE_DEBUG_INFO = NO;
				SDKROOT = iphoneos;
				VALIDATE_PRODUCT = YES;
			};
			name = Release;
		};
		5E4BAC1C1D4655010033E913 /* Debug */ = {
			isa = XCBuildConfiguration;
			buildSettings = {
				ASSETCATALOG_COMPILER_APPICON_NAME = AppIcon;
				INFOPLIST_FILE = "On The Map/Info.plist";
				LD_RUNPATH_SEARCH_PATHS = "$(inherited) @executable_path/Frameworks";
				PRODUCT_BUNDLE_IDENTIFIER = "com.udacity.On-The-Map";
				PRODUCT_NAME = "$(TARGET_NAME)";
			};
			name = Debug;
		};
		5E4BAC1D1D4655010033E913 /* Release */ = {
			isa = XCBuildConfiguration;
			buildSettings = {
				ASSETCATALOG_COMPILER_APPICON_NAME = AppIcon;
				INFOPLIST_FILE = "On The Map/Info.plist";
				LD_RUNPATH_SEARCH_PATHS = "$(inherited) @executable_path/Frameworks";
				PRODUCT_BUNDLE_IDENTIFIER = "com.udacity.On-The-Map";
				PRODUCT_NAME = "$(TARGET_NAME)";
			};
			name = Release;
		};
		5E4BAC1F1D4655010033E913 /* Debug */ = {
			isa = XCBuildConfiguration;
			buildSettings = {
				BUNDLE_LOADER = "$(TEST_HOST)";
				INFOPLIST_FILE = "On The MapTests/Info.plist";
				LD_RUNPATH_SEARCH_PATHS = "$(inherited) @executable_path/Frameworks @loader_path/Frameworks";
				PRODUCT_BUNDLE_IDENTIFIER = "com.udacity.On-The-MapTests";
				PRODUCT_NAME = "$(TARGET_NAME)";
				TEST_HOST = "$(BUILT_PRODUCTS_DIR)/On The Map.app/On The Map";
			};
			name = Debug;
		};
		5E4BAC201D4655010033E913 /* Release */ = {
			isa = XCBuildConfiguration;
			buildSettings = {
				BUNDLE_LOADER = "$(TEST_HOST)";
				INFOPLIST_FILE = "On The MapTests/Info.plist";
				LD_RUNPATH_SEARCH_PATHS = "$(inherited) @executable_path/Frameworks @loader_path/Frameworks";
				PRODUCT_BUNDLE_IDENTIFIER = "com.udacity.On-The-MapTests";
				PRODUCT_NAME = "$(TARGET_NAME)";
				TEST_HOST = "$(BUILT_PRODUCTS_DIR)/On The Map.app/On The Map";
			};
			name = Release;
		};
		5E4BAC221D4655010033E913 /* Debug */ = {
			isa = XCBuildConfiguration;
			buildSettings = {
				INFOPLIST_FILE = "On The MapUITests/Info.plist";
				LD_RUNPATH_SEARCH_PATHS = "$(inherited) @executable_path/Frameworks @loader_path/Frameworks";
				PRODUCT_BUNDLE_IDENTIFIER = "com.udacity.On-The-MapUITests";
				PRODUCT_NAME = "$(TARGET_NAME)";
				TEST_TARGET_NAME = "On The Map";
			};
			name = Debug;
		};
		5E4BAC231D4655010033E913 /* Release */ = {
			isa = XCBuildConfiguration;
			buildSettings = {
				INFOPLIST_FILE = "On The MapUITests/Info.plist";
				LD_RUNPATH_SEARCH_PATHS = "$(inherited) @executable_path/Frameworks @loader_path/Frameworks";
				PRODUCT_BUNDLE_IDENTIFIER = "com.udacity.On-The-MapUITests";
				PRODUCT_NAME = "$(TARGET_NAME)";
				TEST_TARGET_NAME = "On The Map";
			};
			name = Release;
		};
/* End XCBuildConfiguration section */

/* Begin XCConfigurationList section */
		5E4BABEE1D4655010033E913 /* Build configuration list for PBXProject "On The Map" */ = {
			isa = XCConfigurationList;
			buildConfigurations = (
				5E4BAC191D4655010033E913 /* Debug */,
				5E4BAC1A1D4655010033E913 /* Release */,
			);
			defaultConfigurationIsVisible = 0;
			defaultConfigurationName = Release;
		};
		5E4BAC1B1D4655010033E913 /* Build configuration list for PBXNativeTarget "On The Map" */ = {
			isa = XCConfigurationList;
			buildConfigurations = (
				5E4BAC1C1D4655010033E913 /* Debug */,
				5E4BAC1D1D4655010033E913 /* Release */,
			);
			defaultConfigurationIsVisible = 0;
			defaultConfigurationName = Release;
		};
		5E4BAC1E1D4655010033E913 /* Build configuration list for PBXNativeTarget "On The MapTests" */ = {
			isa = XCConfigurationList;
			buildConfigurations = (
				5E4BAC1F1D4655010033E913 /* Debug */,
				5E4BAC201D4655010033E913 /* Release */,
			);
			defaultConfigurationIsVisible = 0;
			defaultConfigurationName = Release;
		};
		5E4BAC211D4655010033E913 /* Build configuration list for PBXNativeTarget "On The MapUITests" */ = {
			isa = XCConfigurationList;
			buildConfigurations = (
				5E4BAC221D4655010033E913 /* Debug */,
				5E4BAC231D4655010033E913 /* Release */,
			);
			defaultConfigurationIsVisible = 0;
			defaultConfigurationName = Release;
		};
/* End XCConfigurationList section */
	};
	rootObject = 5E4BABEB1D4655010033E913 /* Project object */;
}
